
Microsoft Visual Studio Solution File, Format Version 11.00
# Visual Studio 2010
Project("{FAE04EC0-301F-11D3-BF4B-00C04F79EFBC}") = "WearableNotifications.Xamarin", "WearableNotifications.Xamarin\WearableNotifications.Xamarin.csproj", "{EE1E0EEE-4C6C-419D-AB1B-3AFA096C6D8D}"
EndProject
Global
	GlobalSection(SolutionConfigurationPlatforms) = preSolution
		Debug|Any CPU = Debug|Any CPU
		Release|Any CPU = Release|Any CPU
	EndGlobalSection
	GlobalSection(ProjectConfigurationPlatforms) = postSolution
		{EE1E0EEE-4C6C-419D-AB1B-3AFA096C6D8D}.Debug|Any CPU.ActiveCfg = Debug|Any CPU
		{EE1E0EEE-4C6C-419D-AB1B-3AFA096C6D8D}.Debug|Any CPU.Build.0 = Debug|Any CPU
		{EE1E0EEE-4C6C-419D-AB1B-3AFA096C6D8D}.Release|Any CPU.ActiveCfg = Release|Any CPU
		{EE1E0EEE-4C6C-419D-AB1B-3AFA096C6D8D}.Release|Any CPU.Build.0 = Release|Any CPU
	EndGlobalSection
	GlobalSection(MonoDevelopProperties) = preSolution
		StartupItem = WearableNotifications.Xamarin\WearableNotifications.Xamarin.csproj
	EndGlobalSection
EndGlobal
